// !$*UTF8*$!
{
	archiveVersion = 1;
	classes = {
	};
	objectVersion = 46;
	objects = {

/* Begin PBXBuildFile section */
		5C6F6EDB1A5826500050C5AC /* main.cpp in Sources */ = {isa = PBXBuildFile; fileRef = 5CD2175119E924E80049D6AE /* main.cpp */; };
/* End PBXBuildFile section */

/* Begin PBXCopyFilesBuildPhase section */
		5C6F6ED11A5824B30050C5AC /* CopyFiles */ = {
			isa = PBXCopyFilesBuildPhase;
			buildActionMask = 2147483647;
			dstPath = /usr/share/man/man1/;
			dstSubfolderSpec = 0;
			files = (
			);
			runOnlyForDeploymentPostprocessing = 1;
		};
/* End PBXCopyFilesBuildPhase section */

/* Begin PBXFileReference section */
		5C00718C1A91507900F4711D /* occd */ = {isa = PBXFileReference; explicitFileType = "compiled.mach-o.executable"; includeInIndex = 0; path = occd; sourceTree = BUILT_PRODUCTS_DIR; };
		5C54878A1B608F560088272A /* config.json */ = {isa = PBXFileReference; lastKnownFileType = text.json; name = config.json; path = ../data/config.json; sourceTree = "<group>"; };
		5C54878B1B608F560088272A /* config.json.local */ = {isa = PBXFileReference; lastKnownFileType = text; name = config.json.local; path = ../data/config.json.local; sourceTree = "<group>"; xcLanguageSpecificationIdentifier = xcode.lang.javascript; };
		5CD2174F19E924E80049D6AE /* build.sh */ = {isa = PBXFileReference; lastKnownFileType = text.script.sh; path = build.sh; sourceTree = "<group>"; };
		5CD2175119E924E80049D6AE /* main.cpp */ = {isa = PBXFileReference; lastKnownFileType = sourcecode.cpp.cpp; path = main.cpp; sourceTree = "<group>"; };
/* End PBXFileReference section */

/* Begin PBXFrameworksBuildPhase section */
		5C6F6ED01A5824B30050C5AC /* Frameworks */ = {
			isa = PBXFrameworksBuildPhase;
			buildActionMask = 2147483647;
			files = (
			);
			runOnlyForDeploymentPostprocessing = 0;
		};
/* End PBXFrameworksBuildPhase section */

/* Begin PBXGroup section */
		5C0071E01A9200D400F4711D /* data */ = {
			isa = PBXGroup;
			children = (
				5C54878A1B608F560088272A /* config.json */,
				5C54878B1B608F560088272A /* config.json.local */,
			);
			name = data;
			sourceTree = "<group>";
		};
		5CD2174419E924A20049D6AE = {
			isa = PBXGroup;
			children = (
				5CD2174F19E924E80049D6AE /* build.sh */,
				5CD2175019E924E80049D6AE /* src */,
				5C0071E01A9200D400F4711D /* data */,
				5C00718C1A91507900F4711D /* occd */,
			);
			sourceTree = "<group>";
		};
		5CD2175019E924E80049D6AE /* src */ = {
			isa = PBXGroup;
			children = (
				5CD2175119E924E80049D6AE /* main.cpp */,
			);
			path = src;
			sourceTree = "<group>";
		};
/* End PBXGroup section */

/* Begin PBXNativeTarget section */
		5C6F6ED21A5824B30050C5AC /* occ */ = {
			isa = PBXNativeTarget;
			buildConfigurationList = 5C6F6EDA1A5824B30050C5AC /* Build configuration list for PBXNativeTarget "occ" */;
			buildPhases = (
				5C6F6ECF1A5824B30050C5AC /* Sources */,
				5C6F6ED01A5824B30050C5AC /* Frameworks */,
				5C6F6ED11A5824B30050C5AC /* CopyFiles */,
			);
			buildRules = (
			);
			dependencies = (
			);
			name = occ;
			productName = occ;
			productReference = 5C00718C1A91507900F4711D /* occd */;
			productType = "com.apple.product-type.tool";
		};
/* End PBXNativeTarget section */

/* Begin PBXProject section */
		5CD2174519E924A20049D6AE /* Project object */ = {
			isa = PBXProject;
			attributes = {
				LastUpgradeCheck = 0900;
				ORGANIZATIONNAME = libfloor;
				TargetAttributes = {
					5C6F6ED21A5824B30050C5AC = {
						CreatedOnToolsVersion = 6.2;
					};
				};
			};
			buildConfigurationList = 5CD2174819E924A20049D6AE /* Build configuration list for PBXProject "occ" */;
			compatibilityVersion = "Xcode 3.2";
			developmentRegion = English;
			hasScannedForEncodings = 0;
			knownRegions = (
				en,
				Base,
			);
			mainGroup = 5CD2174419E924A20049D6AE;
			productRefGroup = 5CD2174419E924A20049D6AE;
			projectDirPath = "";
			projectRoot = "";
			targets = (
				5C6F6ED21A5824B30050C5AC /* occ */,
			);
		};
/* End PBXProject section */

/* Begin PBXSourcesBuildPhase section */
		5C6F6ECF1A5824B30050C5AC /* Sources */ = {
			isa = PBXSourcesBuildPhase;
			buildActionMask = 2147483647;
			files = (
				5C6F6EDB1A5826500050C5AC /* main.cpp in Sources */,
			);
			runOnlyForDeploymentPostprocessing = 0;
		};
/* End PBXSourcesBuildPhase section */

/* Begin XCBuildConfiguration section */
		5C6F6ED81A5824B30050C5AC /* Debug */ = {
			isa = XCBuildConfiguration;
			buildSettings = {
				CLANG_WARN_ASSIGN_ENUM = YES;
				CLANG_WARN_IMPLICIT_SIGN_CONVERSION = YES;
				CLANG_WARN_SUSPICIOUS_IMPLICIT_CONVERSION = YES;
				CONFIGURATION_BUILD_DIR = "bin/$(EFFECTIVE_PLATFORM_NAME)";
				FRAMEWORK_SEARCH_PATHS = (
					"$(inherited)",
					/Library/Frameworks,
					"$(LOCAL_LIBRARY_DIR)/Frameworks",
				);
				GCC_C_LANGUAGE_STANDARD = gnu11;
				GCC_PREPROCESSOR_DEFINITIONS = (
					"$(inherited)",
					"FLOOR_DEBUG=1",
					PLATFORM_X64,
				);
				GCC_WARN_ABOUT_MISSING_FIELD_INITIALIZERS = YES;
				GCC_WARN_ABOUT_MISSING_NEWLINE = YES;
				GCC_WARN_ABOUT_MISSING_PROTOTYPES = YES;
				GCC_WARN_FOUR_CHARACTER_CONSTANTS = YES;
				GCC_WARN_HIDDEN_VIRTUAL_FUNCTIONS = YES;
				GCC_WARN_INITIALIZER_NOT_FULLY_BRACKETED = YES;
				GCC_WARN_NON_VIRTUAL_DESTRUCTOR = YES;
				GCC_WARN_SHADOW = YES;
				GCC_WARN_SIGN_COMPARE = YES;
				GCC_WARN_UNKNOWN_PRAGMAS = YES;
				GCC_WARN_UNUSED_LABEL = YES;
				GCC_WARN_UNUSED_PARAMETER = YES;
				LD_RUNPATH_SEARCH_PATHS = "$(inherited) @executable_path/../Frameworks";
				LIBRARY_SEARCH_PATHS = (
					/usr/X11/lib,
					/usr/local/opt/openssl/lib,
					/usr/local/lib,
					/opt/floor/lib,
				);
				OTHER_CFLAGS = (
					"$(inherited)",
					"-fparse-all-comments",
					"-isystem",
					/opt/X11/include,
					"-isystem",
					/usr/local/include,
					"-isystem",
					/usr/local/opt/openssl/include,
					"-iframework",
					/Library/Frameworks,
				);
				OTHER_CPLUSPLUSFLAGS = "$(inherited)";
				OTHER_LDFLAGS = (
					"-framework",
					SDL2,
					"-lcrypto",
					"-lssl",
					"-lfloord",
					"-framework",
					OpenCL,
				);
				PRODUCT_NAME = "$(TARGET_NAME)d";
				VALID_ARCHS = x86_64;
			};
			name = Debug;
		};
		5C6F6ED91A5824B30050C5AC /* Release */ = {
			isa = XCBuildConfiguration;
			buildSettings = {
				CLANG_WARN_ASSIGN_ENUM = YES;
				CLANG_WARN_IMPLICIT_SIGN_CONVERSION = YES;
				CLANG_WARN_SUSPICIOUS_IMPLICIT_CONVERSION = YES;
				CONFIGURATION_BUILD_DIR = "bin/$(EFFECTIVE_PLATFORM_NAME)";
				FRAMEWORK_SEARCH_PATHS = (
					"$(inherited)",
					/Library/Frameworks,
					"$(LOCAL_LIBRARY_DIR)/Frameworks",
				);
				GCC_C_LANGUAGE_STANDARD = gnu11;
				GCC_PREPROCESSOR_DEFINITIONS = PLATFORM_X64;
				GCC_WARN_ABOUT_MISSING_FIELD_INITIALIZERS = YES;
				GCC_WARN_ABOUT_MISSING_NEWLINE = YES;
				GCC_WARN_ABOUT_MISSING_PROTOTYPES = YES;
				GCC_WARN_FOUR_CHARACTER_CONSTANTS = YES;
				GCC_WARN_HIDDEN_VIRTUAL_FUNCTIONS = YES;
				GCC_WARN_INITIALIZER_NOT_FULLY_BRACKETED = YES;
				GCC_WARN_NON_VIRTUAL_DESTRUCTOR = YES;
				GCC_WARN_SHADOW = YES;
				GCC_WARN_SIGN_COMPARE = YES;
				GCC_WARN_UNKNOWN_PRAGMAS = YES;
				GCC_WARN_UNUSED_LABEL = YES;
				GCC_WARN_UNUSED_PARAMETER = YES;
				LD_RUNPATH_SEARCH_PATHS = "$(inherited) @executable_path/../Frameworks";
				LIBRARY_SEARCH_PATHS = (
					/usr/X11/lib,
					/usr/local/opt/openssl/lib,
					/usr/local/lib,
					/opt/floor/lib,
				);
				OTHER_CFLAGS = (
					"$(inherited)",
					"-fparse-all-comments",
					"-isystem",
					/opt/X11/include,
					"-isystem",
					/usr/local/include,
					"-isystem",
					/usr/local/opt/openssl/include,
					"-iframework",
					/Library/Frameworks,
				);
				OTHER_CPLUSPLUSFLAGS = "$(inherited)";
				OTHER_LDFLAGS = (
					"-framework",
					SDL2,
					"-lcrypto",
					"-lssl",
					"-lfloor",
					"-framework",
					OpenCL,
				);
				PRODUCT_NAME = "$(TARGET_NAME)";
				VALID_ARCHS = x86_64;
			};
			name = Release;
		};
		5CD2174A19E924A20049D6AE /* Debug */ = {
			isa = XCBuildConfiguration;
			buildSettings = {
				ALWAYS_SEARCH_USER_PATHS = NO;
				CLANG_CXX_LANGUAGE_STANDARD = "compiler-default";
				CLANG_CXX_LIBRARY = "libc++";
				CLANG_ENABLE_MODULES = YES;
				CLANG_ENABLE_OBJC_ARC = YES;
				CLANG_WARN_ASSIGN_ENUM = YES;
				CLANG_WARN_BLOCK_CAPTURE_AUTORELEASING = YES;
				CLANG_WARN_BOOL_CONVERSION = YES;
				CLANG_WARN_COMMA = YES;
				CLANG_WARN_CONSTANT_CONVERSION = YES;
				CLANG_WARN_DIRECT_OBJC_ISA_USAGE = YES_ERROR;
				CLANG_WARN_EMPTY_BODY = YES;
				CLANG_WARN_ENUM_CONVERSION = YES;
				CLANG_WARN_IMPLICIT_SIGN_CONVERSION = YES;
				CLANG_WARN_INFINITE_RECURSION = YES;
				CLANG_WARN_INT_CONVERSION = YES;
				CLANG_WARN_OBJC_ROOT_CLASS = YES_ERROR;
				CLANG_WARN_RANGE_LOOP_ANALYSIS = YES;
				CLANG_WARN_STRICT_PROTOTYPES = YES;
				CLANG_WARN_SUSPICIOUS_IMPLICIT_CONVERSION = YES;
				CLANG_WARN_SUSPICIOUS_MOVE = YES;
				CLANG_WARN_UNREACHABLE_CODE = YES;
				CLANG_WARN__DUPLICATE_METHOD_MATCH = YES;
				COPY_PHASE_STRIP = NO;
				ENABLE_STRICT_OBJC_MSGSEND = YES;
				ENABLE_TESTABILITY = YES;
				GCC_C_LANGUAGE_STANDARD = gnu11;
				GCC_DYNAMIC_NO_PIC = NO;
				GCC_NO_COMMON_BLOCKS = YES;
				GCC_OPTIMIZATION_LEVEL = 0;
				GCC_PREPROCESSOR_DEFINITIONS = (
					"DEBUG=1",
					"$(inherited)",
				);
				GCC_SYMBOLS_PRIVATE_EXTERN = NO;
				GCC_WARN_64_TO_32_BIT_CONVERSION = YES;
				GCC_WARN_ABOUT_MISSING_FIELD_INITIALIZERS = YES;
				GCC_WARN_ABOUT_MISSING_NEWLINE = YES;
				GCC_WARN_ABOUT_MISSING_PROTOTYPES = YES;
				GCC_WARN_ABOUT_RETURN_TYPE = YES_ERROR;
				GCC_WARN_FOUR_CHARACTER_CONSTANTS = YES;
				GCC_WARN_HIDDEN_VIRTUAL_FUNCTIONS = YES;
				GCC_WARN_INITIALIZER_NOT_FULLY_BRACKETED = YES;
				GCC_WARN_NON_VIRTUAL_DESTRUCTOR = YES;
				GCC_WARN_SHADOW = YES;
				GCC_WARN_SIGN_COMPARE = YES;
				GCC_WARN_UNDECLARED_SELECTOR = YES;
				GCC_WARN_UNINITIALIZED_AUTOS = YES_AGGRESSIVE;
				GCC_WARN_UNKNOWN_PRAGMAS = YES;
				GCC_WARN_UNUSED_FUNCTION = YES;
				GCC_WARN_UNUSED_LABEL = YES;
				GCC_WARN_UNUSED_PARAMETER = YES;
				GCC_WARN_UNUSED_VARIABLE = YES;
				HEADER_SEARCH_PATHS = (
					"$(inherited)",
					/usr/include,
					/usr/local/include,
					/opt/floor/include,
				);
				LD_RUNPATH_SEARCH_PATHS = "@executable_path/../../lib /opt/floor/lib";
				MACOSX_DEPLOYMENT_TARGET = 10.11;
				MTL_ENABLE_DEBUG_INFO = YES;
				ONLY_ACTIVE_ARCH = YES;
				OTHER_CFLAGS = "";
				OTHER_CPLUSPLUSFLAGS = (
					"$(OTHER_CFLAGS)",
					"-std=gnu++1z",
					"-fno-elide-type",
					"-fdiagnostics-show-template-tree",
				);
				SDKROOT = macosx;
				WARNING_CFLAGS = (
					"-Weverything",
					"-Wthread-safety",
					"-Wthread-safety-negative",
					"-Wthread-safety-beta",
					"-Wthread-safety-verbose",
					"-Wno-c++98-compat",
					"-Wno-c++98-compat-pedantic",
					"-Wno-c++11-compat",
					"-Wno-c++11-compat-pedantic",
					"-Wno-c++14-compat",
					"-Wno-c++14-compat-pedantic",
					"-Wno-gcc-compat",
					"-Wno-gnu",
					"-Wno-c99-extensions",
					"-Wno-header-hygiene",
					"-Wno-documentation",
					"-Wno-system-headers",
					"-Wno-global-constructors",
					"-Wno-padded",
					"-Wno-packed",
					"-Wno-switch-enum",
					"-Wno-exit-time-destructors",
					"-Wno-unknown-warning-option",
					"-Wno-nested-anon-types",
					"-Wno-old-style-cast",
					"-Wno-date-time",
					"-Wno-reserved-id-macro",
					"-Wno-documentation-unknown-command",
					"-Wno-partial-availability",
				);
			};
			name = Debug;
		};
		5CD2174B19E924A20049D6AE /* Release */ = {
			isa = XCBuildConfiguration;
			buildSettings = {
				ALWAYS_SEARCH_USER_PATHS = NO;
				CLANG_CXX_LANGUAGE_STANDARD = "compiler-default";
				CLANG_CXX_LIBRARY = "libc++";
				CLANG_ENABLE_MODULES = YES;
				CLANG_ENABLE_OBJC_ARC = YES;
				CLANG_WARN_ASSIGN_ENUM = YES;
				CLANG_WARN_BLOCK_CAPTURE_AUTORELEASING = YES;
				CLANG_WARN_BOOL_CONVERSION = YES;
				CLANG_WARN_COMMA = YES;
				CLANG_WARN_CONSTANT_CONVERSION = YES;
				CLANG_WARN_DIRECT_OBJC_ISA_USAGE = YES_ERROR;
				CLANG_WARN_EMPTY_BODY = YES;
				CLANG_WARN_ENUM_CONVERSION = YES;
				CLANG_WARN_IMPLICIT_SIGN_CONVERSION = YES;
				CLANG_WARN_INFINITE_RECURSION = YES;
				CLANG_WARN_INT_CONVERSION = YES;
				CLANG_WARN_OBJC_ROOT_CLASS = YES_ERROR;
				CLANG_WARN_RANGE_LOOP_ANALYSIS = YES;
				CLANG_WARN_STRICT_PROTOTYPES = YES;
				CLANG_WARN_SUSPICIOUS_IMPLICIT_CONVERSION = YES;
				CLANG_WARN_SUSPICIOUS_MOVE = YES;
				CLANG_WARN_UNREACHABLE_CODE = YES;
				CLANG_WARN__DUPLICATE_METHOD_MATCH = YES;
				COPY_PHASE_STRIP = YES;
				DEBUG_INFORMATION_FORMAT = "dwarf-with-dsym";
				ENABLE_NS_ASSERTIONS = NO;
				ENABLE_STRICT_OBJC_MSGSEND = YES;
				GCC_C_LANGUAGE_STANDARD = gnu11;
				GCC_NO_COMMON_BLOCKS = YES;
				GCC_WARN_64_TO_32_BIT_CONVERSION = YES;
				GCC_WARN_ABOUT_MISSING_FIELD_INITIALIZERS = YES;
				GCC_WARN_ABOUT_MISSING_NEWLINE = YES;
				GCC_WARN_ABOUT_MISSING_PROTOTYPES = YES;
				GCC_WARN_ABOUT_RETURN_TYPE = YES_ERROR;
				GCC_WARN_FOUR_CHARACTER_CONSTANTS = YES;
				GCC_WARN_HIDDEN_VIRTUAL_FUNCTIONS = YES;
				GCC_WARN_INITIALIZER_NOT_FULLY_BRACKETED = YES;
				GCC_WARN_NON_VIRTUAL_DESTRUCTOR = YES;
				GCC_WARN_SHADOW = YES;
				GCC_WARN_SIGN_COMPARE = YES;
				GCC_WARN_UNDECLARED_SELECTOR = YES;
				GCC_WARN_UNINITIALIZED_AUTOS = YES_AGGRESSIVE;
				GCC_WARN_UNKNOWN_PRAGMAS = YES;
				GCC_WARN_UNUSED_FUNCTION = YES;
				GCC_WARN_UNUSED_LABEL = YES;
				GCC_WARN_UNUSED_PARAMETER = YES;
				GCC_WARN_UNUSED_VARIABLE = YES;
				HEADER_SEARCH_PATHS = (
					"$(inherited)",
					/usr/include,
					/usr/local/include,
					/opt/floor/include,
				);
				LD_RUNPATH_SEARCH_PATHS = "@executable_path/../../lib /opt/floor/lib";
				MACOSX_DEPLOYMENT_TARGET = 10.11;
				MTL_ENABLE_DEBUG_INFO = NO;
				OTHER_CFLAGS = "";
				OTHER_CPLUSPLUSFLAGS = (
					"$(OTHER_CFLAGS)",
					"-std=gnu++1z",
					"-fno-elide-type",
					"-fdiagnostics-show-template-tree",
				);
				SDKROOT = macosx;
				WARNING_CFLAGS = (
					"-Weverything",
					"-Wthread-safety",
					"-Wthread-safety-negative",
					"-Wthread-safety-beta",
					"-Wthread-safety-verbose",
					"-Wno-c++98-compat",
					"-Wno-c++98-compat-pedantic",
					"-Wno-c++11-compat",
					"-Wno-c++11-compat-pedantic",
					"-Wno-c++14-compat",
					"-Wno-c++14-compat-pedantic",
					"-Wno-gcc-compat",
					"-Wno-gnu",
					"-Wno-c99-extensions",
					"-Wno-header-hygiene",
					"-Wno-documentation",
					"-Wno-system-headers",
					"-Wno-global-constructors",
					"-Wno-padded",
					"-Wno-packed",
					"-Wno-switch-enum",
					"-Wno-exit-time-destructors",
					"-Wno-unknown-warning-option",
					"-Wno-nested-anon-types",
					"-Wno-old-style-cast",
					"-Wno-date-time",
					"-Wno-reserved-id-macro",
					"-Wno-documentation-unknown-command",
					"-Wno-partial-availability",
				);
			};
			name = Release;
		};
/* End XCBuildConfiguration section */

/* Begin XCConfigurationList section */
		5C6F6EDA1A5824B30050C5AC /* Build configuration list for PBXNativeTarget "occ" */ = {
			isa = XCConfigurationList;
			buildConfigurations = (
				5C6F6ED81A5824B30050C5AC /* Debug */,
				5C6F6ED91A5824B30050C5AC /* Release */,
			);
			defaultConfigurationIsVisible = 0;
			defaultConfigurationName = Release;
		};
		5CD2174819E924A20049D6AE /* Build configuration list for PBXProject "occ" */ = {
			isa = XCConfigurationList;
			buildConfigurations = (
				5CD2174A19E924A20049D6AE /* Debug */,
				5CD2174B19E924A20049D6AE /* Release */,
			);
			defaultConfigurationIsVisible = 0;
			defaultConfigurationName = Release;
		};
/* End XCConfigurationList section */
	};
	rootObject = 5CD2174519E924A20049D6AE /* Project object */;
}
