// !$*UTF8*$!
{
	archiveVersion = 1;
	classes = {
	};
	objectVersion = 60;
	objects = {

/* Begin PBXBuildFile section */
		5C0071BD1A91F1E800F4711D /* Base.lproj in Resources */ = {isa = PBXBuildFile; fileRef = 5C0071BA1A91F1E800F4711D /* Base.lproj */; };
		5C0071BE1A91F1E800F4711D /* Images.xcassets in Resources */ = {isa = PBXBuildFile; fileRef = 5C0071BB1A91F1E800F4711D /* Images.xcassets */; };
		5C0071C11A91F2BD00F4711D /* main.cpp in Sources */ = {isa = PBXBuildFile; fileRef = 5CD2175119E924E80049D6AE /* main.cpp */; };
		5C0071C21A91F2BD00F4711D /* nbody.cpp in Sources */ = {isa = PBXBuildFile; fileRef = 5C7467131A5828D000999E78 /* nbody.cpp */; };
		5C0134D322B6EC1400BA993D /* unified_renderer.cpp in Sources */ = {isa = PBXBuildFile; fileRef = 5C0134D222B6EC1400BA993D /* unified_renderer.cpp */; };
		5C0134D422B6EC1400BA993D /* unified_renderer.cpp in Sources */ = {isa = PBXBuildFile; fileRef = 5C0134D222B6EC1400BA993D /* unified_renderer.cpp */; };
		5C5487801B608DE40088272A /* config.json in CopyFiles */ = {isa = PBXBuildFile; fileRef = 5C54877E1B608CF50088272A /* config.json */; };
		5C5487811B608DE40088272A /* config.json.local in CopyFiles */ = {isa = PBXBuildFile; fileRef = 5C54877F1B608CF50088272A /* config.json.local */; };
		5C647FD11E33DF180026191F /* LaunchScreen.storyboard in Resources */ = {isa = PBXBuildFile; fileRef = 5C131E811E33D32E003A5688 /* LaunchScreen.storyboard */; };
		5C8416AF2ABE08FA000920A1 /* nbody.fubar in CopyFiles */ = {isa = PBXBuildFile; fileRef = 5CC3688521611CAF001DE77E /* nbody.fubar */; };
		5C8FD0B41AD3389B00215230 /* nbody.cpp in Sources */ = {isa = PBXBuildFile; fileRef = 5C7467131A5828D000999E78 /* nbody.cpp */; settings = {COMPILER_FLAGS = "-Rpass-analysis=loop-vectorize -Rpass=loop-vectorize"; }; };
		5C8FD0B61AD338A500215230 /* main.cpp in Sources */ = {isa = PBXBuildFile; fileRef = 5CD2175119E924E80049D6AE /* main.cpp */; };
		5C8FD0BD1AD3393700215230 /* Images.xcassets in Resources */ = {isa = PBXBuildFile; fileRef = 5C8FD0BA1AD3393700215230 /* Images.xcassets */; };
		5C9FAC252C4441BB00FD7581 /* main.cpp in Sources */ = {isa = PBXBuildFile; fileRef = 5CD2175119E924E80049D6AE /* main.cpp */; };
		5C9FAC262C4441BB00FD7581 /* nbody.cpp in Sources */ = {isa = PBXBuildFile; fileRef = 5C7467131A5828D000999E78 /* nbody.cpp */; };
		5C9FAC272C4441BB00FD7581 /* unified_renderer.cpp in Sources */ = {isa = PBXBuildFile; fileRef = 5C0134D222B6EC1400BA993D /* unified_renderer.cpp */; };
		5C9FAC2C2C4441BB00FD7581 /* AudioToolbox.framework in Frameworks */ = {isa = PBXBuildFile; fileRef = 5C0071CB1A91FFAA00F4711D /* AudioToolbox.framework */; };
		5C9FAC2D2C4441BB00FD7581 /* CoreAudio.framework in Frameworks */ = {isa = PBXBuildFile; fileRef = 5C0071C71A91FF9000F4711D /* CoreAudio.framework */; };
		5C9FAC2E2C4441BB00FD7581 /* CoreGraphics.framework in Frameworks */ = {isa = PBXBuildFile; fileRef = 5C0071C91A91FFA600F4711D /* CoreGraphics.framework */; };
		5C9FAC2F2C4441BB00FD7581 /* CoreMotion.framework in Frameworks */ = {isa = PBXBuildFile; fileRef = 5C0071D91A91FFF400F4711D /* CoreMotion.framework */; };
		5C9FAC302C4441BB00FD7581 /* Foundation.framework in Frameworks */ = {isa = PBXBuildFile; fileRef = 5C0071CF1A91FFC300F4711D /* Foundation.framework */; };
		5C9FAC312C4441BB00FD7581 /* ImageIO.framework in Frameworks */ = {isa = PBXBuildFile; fileRef = 5C0071D11A91FFCB00F4711D /* ImageIO.framework */; };
		5C9FAC322C4441BB00FD7581 /* Metal.framework in Frameworks */ = {isa = PBXBuildFile; fileRef = 5C0071C51A91FF8000F4711D /* Metal.framework */; };
		5C9FAC332C4441BB00FD7581 /* MobileCoreServices.framework in Frameworks */ = {isa = PBXBuildFile; fileRef = 5C0071D31A91FFD100F4711D /* MobileCoreServices.framework */; };
		5C9FAC342C4441BB00FD7581 /* QuartzCore.framework in Frameworks */ = {isa = PBXBuildFile; fileRef = 5C0071CD1A91FFB000F4711D /* QuartzCore.framework */; };
		5C9FAC352C4441BB00FD7581 /* UIKit.framework in Frameworks */ = {isa = PBXBuildFile; fileRef = 5C0071D51A91FFD600F4711D /* UIKit.framework */; };
		5C9FAC372C4441BB00FD7581 /* LaunchScreen.storyboard in Resources */ = {isa = PBXBuildFile; fileRef = 5C131E811E33D32E003A5688 /* LaunchScreen.storyboard */; };
		5C9FAC382C4441BB00FD7581 /* Base.lproj in Resources */ = {isa = PBXBuildFile; fileRef = 5C0071BA1A91F1E800F4711D /* Base.lproj */; };
		5C9FAC392C4441BB00FD7581 /* Images.xcassets in Resources */ = {isa = PBXBuildFile; fileRef = 5C0071BB1A91F1E800F4711D /* Images.xcassets */; };
		5C9FAC3B2C4441BB00FD7581 /* config.json in Copy Files */ = {isa = PBXBuildFile; fileRef = 5C54877E1B608CF50088272A /* config.json */; };
		5C9FAC3C2C4441BB00FD7581 /* config.json.local in Copy Files */ = {isa = PBXBuildFile; fileRef = 5C54877F1B608CF50088272A /* config.json.local */; };
		5C9FAC3D2C4441BB00FD7581 /* nbody.fubar in Copy Files */ = {isa = PBXBuildFile; fileRef = 5CC3688521611CAF001DE77E /* nbody.fubar */; };
		5C9FAC4E2C448BCB00FD7581 /* nbody_visionos-Info.plist in Resources */ = {isa = PBXBuildFile; fileRef = 5C9FAC4C2C448BCB00FD7581 /* nbody_visionos-Info.plist */; };
		5CC50A232C4868DF00A1C603 /* SDL3.framework in Frameworks */ = {isa = PBXBuildFile; fileRef = 5CC50A212C48689F00A1C603 /* SDL3.framework */; };
		5CC50A242C4868E000A1C603 /* SDL3.framework in Embed Frameworks */ = {isa = PBXBuildFile; fileRef = 5CC50A212C48689F00A1C603 /* SDL3.framework */; settings = {ATTRIBUTES = (CodeSignOnCopy, RemoveHeadersOnCopy, ); }; };
		5CCEA1D72C48663800B37BC1 /* Metal.framework in Frameworks */ = {isa = PBXBuildFile; fileRef = 5CCEA1D62C48663800B37BC1 /* Metal.framework */; };
		5CCEA1D92C48665200B37BC1 /* Foundation.framework in Frameworks */ = {isa = PBXBuildFile; fileRef = 5CCEA1D82C48665200B37BC1 /* Foundation.framework */; };
		5CCEA1DB2C48667200B37BC1 /* CoreGraphics.framework in Frameworks */ = {isa = PBXBuildFile; fileRef = 5CCEA1DA2C48667200B37BC1 /* CoreGraphics.framework */; };
		5CCEA1DD2C48669600B37BC1 /* QuartzCore.framework in Frameworks */ = {isa = PBXBuildFile; fileRef = 5CCEA1DC2C48669600B37BC1 /* QuartzCore.framework */; };
		5CCEA1DF2C48669F00B37BC1 /* ImageIO.framework in Frameworks */ = {isa = PBXBuildFile; fileRef = 5CCEA1DE2C48669F00B37BC1 /* ImageIO.framework */; };
		5CCEA1E12C4866BD00B37BC1 /* UIKit.framework in Frameworks */ = {isa = PBXBuildFile; fileRef = 5CCEA1E02C4866BD00B37BC1 /* UIKit.framework */; };
/* End PBXBuildFile section */

/* Begin PBXCopyFilesBuildPhase section */
		5C0071DB1A9200B200F4711D /* CopyFiles */ = {
			isa = PBXCopyFilesBuildPhase;
			buildActionMask = 2147483647;
			dstPath = data;
			dstSubfolderSpec = 7;
			files = (
				5C5487801B608DE40088272A /* config.json in CopyFiles */,
				5C5487811B608DE40088272A /* config.json.local in CopyFiles */,
				5C8416AF2ABE08FA000920A1 /* nbody.fubar in CopyFiles */,
			);
			runOnlyForDeploymentPostprocessing = 0;
		};
		5C9FAC3A2C4441BB00FD7581 /* Copy Files */ = {
			isa = PBXCopyFilesBuildPhase;
			buildActionMask = 2147483647;
			dstPath = data;
			dstSubfolderSpec = 7;
			files = (
				5C9FAC3B2C4441BB00FD7581 /* config.json in Copy Files */,
				5C9FAC3C2C4441BB00FD7581 /* config.json.local in Copy Files */,
				5C9FAC3D2C4441BB00FD7581 /* nbody.fubar in Copy Files */,
			);
			name = "Copy Files";
			runOnlyForDeploymentPostprocessing = 0;
		};
		5CC50A252C4868E000A1C603 /* Embed Frameworks */ = {
			isa = PBXCopyFilesBuildPhase;
			buildActionMask = 2147483647;
			dstPath = "";
			dstSubfolderSpec = 10;
			files = (
				5CC50A242C4868E000A1C603 /* SDL3.framework in Embed Frameworks */,
			);
			name = "Embed Frameworks";
			runOnlyForDeploymentPostprocessing = 0;
		};
/* End PBXCopyFilesBuildPhase section */

/* Begin PBXFileReference section */
		5C0071911A91EF7E00F4711D /* nbodyd_ios.app */ = {isa = PBXFileReference; explicitFileType = wrapper.application; includeInIndex = 0; path = nbodyd_ios.app; sourceTree = BUILT_PRODUCTS_DIR; };
		5C0071BA1A91F1E800F4711D /* Base.lproj */ = {isa = PBXFileReference; lastKnownFileType = folder; name = Base.lproj; path = src/ios/Base.lproj; sourceTree = "<group>"; };
		5C0071BB1A91F1E800F4711D /* Images.xcassets */ = {isa = PBXFileReference; lastKnownFileType = folder.assetcatalog; name = Images.xcassets; path = src/ios/Images.xcassets; sourceTree = "<group>"; };
		5C0071BC1A91F1E800F4711D /* Info.plist */ = {isa = PBXFileReference; fileEncoding = 4; lastKnownFileType = text.plist.xml; name = Info.plist; path = src/ios/Info.plist; sourceTree = "<group>"; };
		5C0071C31A91FF7C00F4711D /* OpenGLES.framework */ = {isa = PBXFileReference; lastKnownFileType = wrapper.framework; name = OpenGLES.framework; path = Platforms/iPhoneOS.platform/Developer/SDKs/iPhoneOS8.3.sdk/System/Library/Frameworks/OpenGLES.framework; sourceTree = DEVELOPER_DIR; };
		5C0071C51A91FF8000F4711D /* Metal.framework */ = {isa = PBXFileReference; lastKnownFileType = wrapper.framework; name = Metal.framework; path = Platforms/iPhoneOS.platform/Developer/SDKs/iPhoneOS8.3.sdk/System/Library/Frameworks/Metal.framework; sourceTree = DEVELOPER_DIR; };
		5C0071C71A91FF9000F4711D /* CoreAudio.framework */ = {isa = PBXFileReference; lastKnownFileType = wrapper.framework; name = CoreAudio.framework; path = Platforms/iPhoneOS.platform/Developer/SDKs/iPhoneOS8.3.sdk/System/Library/Frameworks/CoreAudio.framework; sourceTree = DEVELOPER_DIR; };
		5C0071C91A91FFA600F4711D /* CoreGraphics.framework */ = {isa = PBXFileReference; lastKnownFileType = wrapper.framework; name = CoreGraphics.framework; path = Platforms/iPhoneOS.platform/Developer/SDKs/iPhoneOS8.3.sdk/System/Library/Frameworks/CoreGraphics.framework; sourceTree = DEVELOPER_DIR; };
		5C0071CB1A91FFAA00F4711D /* AudioToolbox.framework */ = {isa = PBXFileReference; lastKnownFileType = wrapper.framework; name = AudioToolbox.framework; path = Platforms/iPhoneOS.platform/Developer/SDKs/iPhoneOS8.3.sdk/System/Library/Frameworks/AudioToolbox.framework; sourceTree = DEVELOPER_DIR; };
		5C0071CD1A91FFB000F4711D /* QuartzCore.framework */ = {isa = PBXFileReference; lastKnownFileType = wrapper.framework; name = QuartzCore.framework; path = Platforms/iPhoneOS.platform/Developer/SDKs/iPhoneOS8.3.sdk/System/Library/Frameworks/QuartzCore.framework; sourceTree = DEVELOPER_DIR; };
		5C0071CF1A91FFC300F4711D /* Foundation.framework */ = {isa = PBXFileReference; lastKnownFileType = wrapper.framework; name = Foundation.framework; path = Platforms/iPhoneOS.platform/Developer/SDKs/iPhoneOS8.3.sdk/System/Library/Frameworks/Foundation.framework; sourceTree = DEVELOPER_DIR; };
		5C0071D11A91FFCB00F4711D /* ImageIO.framework */ = {isa = PBXFileReference; lastKnownFileType = wrapper.framework; name = ImageIO.framework; path = Platforms/iPhoneOS.platform/Developer/SDKs/iPhoneOS8.3.sdk/System/Library/Frameworks/ImageIO.framework; sourceTree = DEVELOPER_DIR; };
		5C0071D31A91FFD100F4711D /* MobileCoreServices.framework */ = {isa = PBXFileReference; lastKnownFileType = wrapper.framework; name = MobileCoreServices.framework; path = Platforms/iPhoneOS.platform/Developer/SDKs/iPhoneOS8.3.sdk/System/Library/Frameworks/MobileCoreServices.framework; sourceTree = DEVELOPER_DIR; };
		5C0071D51A91FFD600F4711D /* UIKit.framework */ = {isa = PBXFileReference; lastKnownFileType = wrapper.framework; name = UIKit.framework; path = Platforms/iPhoneOS.platform/Developer/SDKs/iPhoneOS8.3.sdk/System/Library/Frameworks/UIKit.framework; sourceTree = DEVELOPER_DIR; };
		5C0071D71A91FFE600F4711D /* libxml2.2.dylib */ = {isa = PBXFileReference; lastKnownFileType = "compiled.mach-o.dylib"; name = libxml2.2.dylib; path = Platforms/iPhoneOS.platform/Developer/SDKs/iPhoneOS8.3.sdk/usr/lib/libxml2.2.dylib; sourceTree = DEVELOPER_DIR; };
		5C0071D91A91FFF400F4711D /* CoreMotion.framework */ = {isa = PBXFileReference; lastKnownFileType = wrapper.framework; name = CoreMotion.framework; path = Platforms/iPhoneOS.platform/Developer/SDKs/iPhoneOS8.3.sdk/System/Library/Frameworks/CoreMotion.framework; sourceTree = DEVELOPER_DIR; };
		5C0134D122B6EC1400BA993D /* unified_renderer.hpp */ = {isa = PBXFileReference; fileEncoding = 4; lastKnownFileType = sourcecode.cpp.h; path = unified_renderer.hpp; sourceTree = "<group>"; };
		5C0134D222B6EC1400BA993D /* unified_renderer.cpp */ = {isa = PBXFileReference; fileEncoding = 4; lastKnownFileType = sourcecode.cpp.cpp; path = unified_renderer.cpp; sourceTree = "<group>"; };
		5C131E821E33D32E003A5688 /* Base */ = {isa = PBXFileReference; lastKnownFileType = file.storyboard; name = Base; path = src/ios/Base.lproj/LaunchScreen.storyboard; sourceTree = "<group>"; };
		5C54877E1B608CF50088272A /* config.json */ = {isa = PBXFileReference; lastKnownFileType = text.json; name = config.json; path = ../data/config.json; sourceTree = "<group>"; };
		5C54877F1B608CF50088272A /* config.json.local */ = {isa = PBXFileReference; lastKnownFileType = text; name = config.json.local; path = ../data/config.json.local; sourceTree = "<group>"; xcLanguageSpecificationIdentifier = xcode.lang.javascript; };
		5C7467131A5828D000999E78 /* nbody.cpp */ = {isa = PBXFileReference; fileEncoding = 4; lastKnownFileType = sourcecode.cpp.cpp; path = nbody.cpp; sourceTree = "<group>"; };
		5C7467141A5828D000999E78 /* nbody.hpp */ = {isa = PBXFileReference; fileEncoding = 4; lastKnownFileType = sourcecode.cpp.h; path = nbody.hpp; sourceTree = "<group>"; };
		5C8FD0941AD3366800215230 /* nbodyd.app */ = {isa = PBXFileReference; explicitFileType = wrapper.application; includeInIndex = 0; path = nbodyd.app; sourceTree = BUILT_PRODUCTS_DIR; };
		5C8FD0BA1AD3393700215230 /* Images.xcassets */ = {isa = PBXFileReference; lastKnownFileType = folder.assetcatalog; name = Images.xcassets; path = src/osx/Images.xcassets; sourceTree = "<group>"; };
		5C8FD0BC1AD3393700215230 /* Info.plist */ = {isa = PBXFileReference; fileEncoding = 4; lastKnownFileType = text.plist.xml; name = Info.plist; path = src/osx/Info.plist; sourceTree = "<group>"; };
		5C9FAC412C4441BB00FD7581 /* nbodyd_visionos.app */ = {isa = PBXFileReference; explicitFileType = wrapper.application; includeInIndex = 0; path = nbodyd_visionos.app; sourceTree = BUILT_PRODUCTS_DIR; };
		5C9FAC4C2C448BCB00FD7581 /* nbody_visionos-Info.plist */ = {isa = PBXFileReference; lastKnownFileType = text.plist.xml; path = "nbody_visionos-Info.plist"; sourceTree = "<group>"; };
		5CB92D9E1ACA0DFB00109EB3 /* nbody_state.hpp */ = {isa = PBXFileReference; lastKnownFileType = sourcecode.cpp.h; path = nbody_state.hpp; sourceTree = "<group>"; };
		5CC3688521611CAF001DE77E /* nbody.fubar */ = {isa = PBXFileReference; lastKnownFileType = file; name = nbody.fubar; path = ../data/nbody.fubar; sourceTree = "<group>"; };
		5CC50A212C48689F00A1C603 /* SDL3.framework */ = {isa = PBXFileReference; lastKnownFileType = wrapper.framework; name = SDL3.framework; path = "../../../../../Library/Frameworks/SDL3.xcframework/ios-arm64/SDL3.framework"; sourceTree = "<group>"; };
		5CCB82472BF98B3F0037975D /* make_embedded_fubar.sh */ = {isa = PBXFileReference; lastKnownFileType = text.script.sh; path = make_embedded_fubar.sh; sourceTree = "<group>"; };
		5CCEA1D62C48663800B37BC1 /* Metal.framework */ = {isa = PBXFileReference; lastKnownFileType = wrapper.framework; name = Metal.framework; path = Platforms/iPhoneOS.platform/Developer/SDKs/iPhoneOS18.0.sdk/System/Library/Frameworks/Metal.framework; sourceTree = DEVELOPER_DIR; };
		5CCEA1D82C48665200B37BC1 /* Foundation.framework */ = {isa = PBXFileReference; lastKnownFileType = wrapper.framework; name = Foundation.framework; path = Platforms/iPhoneOS.platform/Developer/SDKs/iPhoneOS18.0.sdk/System/Library/Frameworks/Foundation.framework; sourceTree = DEVELOPER_DIR; };
		5CCEA1DA2C48667200B37BC1 /* CoreGraphics.framework */ = {isa = PBXFileReference; lastKnownFileType = wrapper.framework; name = CoreGraphics.framework; path = Platforms/iPhoneOS.platform/Developer/SDKs/iPhoneOS18.0.sdk/System/Library/Frameworks/CoreGraphics.framework; sourceTree = DEVELOPER_DIR; };
		5CCEA1DC2C48669600B37BC1 /* QuartzCore.framework */ = {isa = PBXFileReference; lastKnownFileType = wrapper.framework; name = QuartzCore.framework; path = Platforms/iPhoneOS.platform/Developer/SDKs/iPhoneOS18.0.sdk/System/Library/Frameworks/QuartzCore.framework; sourceTree = DEVELOPER_DIR; };
		5CCEA1DE2C48669F00B37BC1 /* ImageIO.framework */ = {isa = PBXFileReference; lastKnownFileType = wrapper.framework; name = ImageIO.framework; path = Platforms/iPhoneOS.platform/Developer/SDKs/iPhoneOS18.0.sdk/System/Library/Frameworks/ImageIO.framework; sourceTree = DEVELOPER_DIR; };
		5CCEA1E02C4866BD00B37BC1 /* UIKit.framework */ = {isa = PBXFileReference; lastKnownFileType = wrapper.framework; name = UIKit.framework; path = Platforms/iPhoneOS.platform/Developer/SDKs/iPhoneOS18.0.sdk/System/Library/Frameworks/UIKit.framework; sourceTree = DEVELOPER_DIR; };
		5CD2174F19E924E80049D6AE /* build.sh */ = {isa = PBXFileReference; lastKnownFileType = text.script.sh; path = build.sh; sourceTree = "<group>"; };
		5CD2175119E924E80049D6AE /* main.cpp */ = {isa = PBXFileReference; lastKnownFileType = sourcecode.cpp.cpp; path = main.cpp; sourceTree = "<group>"; };
		5CEC08AC22BFBE8A00033467 /* CMakeLists.txt */ = {isa = PBXFileReference; lastKnownFileType = text; path = CMakeLists.txt; sourceTree = "<group>"; };
/* End PBXFileReference section */

/* Begin PBXFrameworksBuildPhase section */
		5C8FD0911AD3366800215230 /* Frameworks */ = {
			isa = PBXFrameworksBuildPhase;
			buildActionMask = 2147483647;
			files = (
			);
			runOnlyForDeploymentPostprocessing = 0;
		};
		5C9FAC282C4441BB00FD7581 /* Frameworks */ = {
			isa = PBXFrameworksBuildPhase;
			buildActionMask = 2147483647;
			files = (
				5C9FAC2C2C4441BB00FD7581 /* AudioToolbox.framework in Frameworks */,
				5C9FAC2D2C4441BB00FD7581 /* CoreAudio.framework in Frameworks */,
				5C9FAC2E2C4441BB00FD7581 /* CoreGraphics.framework in Frameworks */,
				5C9FAC2F2C4441BB00FD7581 /* CoreMotion.framework in Frameworks */,
				5C9FAC302C4441BB00FD7581 /* Foundation.framework in Frameworks */,
				5C9FAC312C4441BB00FD7581 /* ImageIO.framework in Frameworks */,
				5C9FAC322C4441BB00FD7581 /* Metal.framework in Frameworks */,
				5C9FAC332C4441BB00FD7581 /* MobileCoreServices.framework in Frameworks */,
				5C9FAC342C4441BB00FD7581 /* QuartzCore.framework in Frameworks */,
				5C9FAC352C4441BB00FD7581 /* UIKit.framework in Frameworks */,
			);
			runOnlyForDeploymentPostprocessing = 0;
		};
		5CCEA1D52C48661500B37BC1 /* Frameworks */ = {
			isa = PBXFrameworksBuildPhase;
			buildActionMask = 2147483647;
			files = (
				5CCEA1DB2C48667200B37BC1 /* CoreGraphics.framework in Frameworks */,
				5CCEA1D92C48665200B37BC1 /* Foundation.framework in Frameworks */,
				5CCEA1DF2C48669F00B37BC1 /* ImageIO.framework in Frameworks */,
				5CC50A232C4868DF00A1C603 /* SDL3.framework in Frameworks */,
				5CCEA1D72C48663800B37BC1 /* Metal.framework in Frameworks */,
				5CCEA1DD2C48669600B37BC1 /* QuartzCore.framework in Frameworks */,
				5CCEA1E12C4866BD00B37BC1 /* UIKit.framework in Frameworks */,
			);
			runOnlyForDeploymentPostprocessing = 0;
		};
/* End PBXFrameworksBuildPhase section */

/* Begin PBXGroup section */
		5C0071B91A91F1DD00F4711D /* ios */ = {
			isa = PBXGroup;
			children = (
				5C0071D91A91FFF400F4711D /* CoreMotion.framework */,
				5C0071D71A91FFE600F4711D /* libxml2.2.dylib */,
				5C0071D51A91FFD600F4711D /* UIKit.framework */,
				5C0071D31A91FFD100F4711D /* MobileCoreServices.framework */,
				5C0071D11A91FFCB00F4711D /* ImageIO.framework */,
				5C0071CF1A91FFC300F4711D /* Foundation.framework */,
				5C0071CD1A91FFB000F4711D /* QuartzCore.framework */,
				5C0071CB1A91FFAA00F4711D /* AudioToolbox.framework */,
				5C0071C91A91FFA600F4711D /* CoreGraphics.framework */,
				5C0071C71A91FF9000F4711D /* CoreAudio.framework */,
				5C0071C51A91FF8000F4711D /* Metal.framework */,
				5C0071C31A91FF7C00F4711D /* OpenGLES.framework */,
				5C0071BA1A91F1E800F4711D /* Base.lproj */,
				5C0071BB1A91F1E800F4711D /* Images.xcassets */,
				5C131E811E33D32E003A5688 /* LaunchScreen.storyboard */,
				5C0071BC1A91F1E800F4711D /* Info.plist */,
			);
			name = ios;
			sourceTree = "<group>";
		};
		5C0071E01A9200D400F4711D /* data */ = {
			isa = PBXGroup;
			children = (
				5CC3688521611CAF001DE77E /* nbody.fubar */,
				5C54877E1B608CF50088272A /* config.json */,
				5C54877F1B608CF50088272A /* config.json.local */,
			);
			name = data;
			sourceTree = "<group>";
		};
		5C131E1C1E32C676003A5688 /* Frameworks */ = {
			isa = PBXGroup;
			children = (
				5CC50A212C48689F00A1C603 /* SDL3.framework */,
				5CCEA1E02C4866BD00B37BC1 /* UIKit.framework */,
				5CCEA1DE2C48669F00B37BC1 /* ImageIO.framework */,
				5CCEA1DC2C48669600B37BC1 /* QuartzCore.framework */,
				5CCEA1DA2C48667200B37BC1 /* CoreGraphics.framework */,
				5CCEA1D82C48665200B37BC1 /* Foundation.framework */,
				5CCEA1D62C48663800B37BC1 /* Metal.framework */,
			);
			name = Frameworks;
			sourceTree = "<group>";
		};
		5C8FD0B91AD3392500215230 /* osx */ = {
			isa = PBXGroup;
			children = (
				5C8FD0BA1AD3393700215230 /* Images.xcassets */,
				5C8FD0BC1AD3393700215230 /* Info.plist */,
			);
			name = osx;
			sourceTree = "<group>";
		};
		5C9FAC4D2C448BCB00FD7581 /* visionos */ = {
			isa = PBXGroup;
			children = (
				5C9FAC4C2C448BCB00FD7581 /* nbody_visionos-Info.plist */,
			);
			name = visionos;
			path = src/visionos;
			sourceTree = "<group>";
		};
		5CD2174419E924A20049D6AE = {
			isa = PBXGroup;
			children = (
				5CD2174F19E924E80049D6AE /* build.sh */,
				5CCB82472BF98B3F0037975D /* make_embedded_fubar.sh */,
				5CEC08AC22BFBE8A00033467 /* CMakeLists.txt */,
				5CD2175019E924E80049D6AE /* src */,
				5C0071E01A9200D400F4711D /* data */,
				5C0071B91A91F1DD00F4711D /* ios */,
				5C8FD0B91AD3392500215230 /* osx */,
				5C0071911A91EF7E00F4711D /* nbodyd_ios.app */,
				5C8FD0941AD3366800215230 /* nbodyd.app */,
				5C131E1C1E32C676003A5688 /* Frameworks */,
				5C9FAC412C4441BB00FD7581 /* nbodyd_visionos.app */,
				5C9FAC4D2C448BCB00FD7581 /* visionos */,
			);
			sourceTree = "<group>";
		};
		5CD2175019E924E80049D6AE /* src */ = {
			isa = PBXGroup;
			children = (
				5CD2175119E924E80049D6AE /* main.cpp */,
				5CB92D9E1ACA0DFB00109EB3 /* nbody_state.hpp */,
				5C7467131A5828D000999E78 /* nbody.cpp */,
				5C7467141A5828D000999E78 /* nbody.hpp */,
				5C0134D222B6EC1400BA993D /* unified_renderer.cpp */,
				5C0134D122B6EC1400BA993D /* unified_renderer.hpp */,
			);
			path = src;
			sourceTree = "<group>";
		};
/* End PBXGroup section */

/* Begin PBXLegacyTarget section */
		5C180F711D80623A00AF91E7 /* nbody_remote */ = {
			isa = PBXLegacyTarget;
			buildArgumentsString = "floor_remote \"cd ~/floor_examples/nbody && export FLOOR_DEV=1 && export NO_COLOR=1 && if [ '${CONFIGURATION}' == 'Debug' ]; then ./build.sh $(ACTION) debug; else ./build.sh $(ACTION); fi\"";
			buildConfigurationList = 5C180F741D80623A00AF91E7 /* Build configuration list for PBXLegacyTarget "nbody_remote" */;
			buildPhases = (
			);
			buildToolPath = ssh;
			buildWorkingDirectory = "";
			dependencies = (
			);
			name = nbody_remote;
			passBuildSettingsInEnvironment = 1;
			productName = nbody_remote;
		};
/* End PBXLegacyTarget section */

/* Begin PBXNativeTarget section */
		5C0071901A91EF7E00F4711D /* nbody_ios */ = {
			isa = PBXNativeTarget;
			buildConfigurationList = 5C0071B51A91EF7E00F4711D /* Build configuration list for PBXNativeTarget "nbody_ios" */;
			buildPhases = (
				5C30CAA61AA7058D008986B1 /* Run Script */,
				5C00718D1A91EF7E00F4711D /* Sources */,
				5CCEA1D52C48661500B37BC1 /* Frameworks */,
				5C00718F1A91EF7E00F4711D /* Resources */,
				5C0071DB1A9200B200F4711D /* CopyFiles */,
				5CC50A252C4868E000A1C603 /* Embed Frameworks */,
			);
			buildRules = (
			);
			dependencies = (
			);
			name = nbody_ios;
			productName = nbody_ios;
			productReference = 5C0071911A91EF7E00F4711D /* nbodyd_ios.app */;
			productType = "com.apple.product-type.application";
		};
		5C8FD0931AD3366800215230 /* nbody_macos */ = {
			isa = PBXNativeTarget;
			buildConfigurationList = 5C8FD0B21AD3366900215230 /* Build configuration list for PBXNativeTarget "nbody_macos" */;
			buildPhases = (
				5C8FD0901AD3366800215230 /* Sources */,
				5C8FD0911AD3366800215230 /* Frameworks */,
				5C8FD0921AD3366800215230 /* Resources */,
			);
			buildRules = (
			);
			dependencies = (
			);
			name = nbody_macos;
			productName = nbody_osx;
			productReference = 5C8FD0941AD3366800215230 /* nbodyd.app */;
			productType = "com.apple.product-type.application";
		};
		5C9FAC222C4441BB00FD7581 /* nbody_visionos */ = {
			isa = PBXNativeTarget;
			buildConfigurationList = 5C9FAC3E2C4441BB00FD7581 /* Build configuration list for PBXNativeTarget "nbody_visionos" */;
			buildPhases = (
				5C9FAC232C4441BB00FD7581 /* Run Script */,
				5C9FAC242C4441BB00FD7581 /* Sources */,
				5C9FAC282C4441BB00FD7581 /* Frameworks */,
				5C9FAC362C4441BB00FD7581 /* Resources */,
				5C9FAC3A2C4441BB00FD7581 /* Copy Files */,
			);
			buildRules = (
			);
			dependencies = (
			);
			name = nbody_visionos;
			productName = nbody_ios;
			productReference = 5C9FAC412C4441BB00FD7581 /* nbodyd_visionos.app */;
			productType = "com.apple.product-type.application";
		};
/* End PBXNativeTarget section */

/* Begin PBXProject section */
		5CD2174519E924A20049D6AE /* Project object */ = {
			isa = PBXProject;
			attributes = {
				BuildIndependentTargetsInParallel = YES;
				LastUpgradeCheck = 1540;
				ORGANIZATIONNAME = libfloor;
				TargetAttributes = {
					5C0071901A91EF7E00F4711D = {
						CreatedOnToolsVersion = 6.3;
					};
					5C180F711D80623A00AF91E7 = {
						CreatedOnToolsVersion = 8.0;
						ProvisioningStyle = Automatic;
					};
					5C8FD0931AD3366800215230 = {
						CreatedOnToolsVersion = 6.3;
					};
				};
			};
			buildConfigurationList = 5CD2174819E924A20049D6AE /* Build configuration list for PBXProject "nbody" */;
			compatibilityVersion = "Xcode 15.0";
			developmentRegion = en;
			hasScannedForEncodings = 0;
			knownRegions = (
				en,
				Base,
			);
			mainGroup = 5CD2174419E924A20049D6AE;
			productRefGroup = 5CD2174419E924A20049D6AE;
			projectDirPath = "";
			projectRoot = "";
			targets = (
				5C8FD0931AD3366800215230 /* nbody_macos */,
				5C0071901A91EF7E00F4711D /* nbody_ios */,
				5C9FAC222C4441BB00FD7581 /* nbody_visionos */,
				5C180F711D80623A00AF91E7 /* nbody_remote */,
			);
		};
/* End PBXProject section */

/* Begin PBXResourcesBuildPhase section */
		5C00718F1A91EF7E00F4711D /* Resources */ = {
			isa = PBXResourcesBuildPhase;
			buildActionMask = 2147483647;
			files = (
				5C647FD11E33DF180026191F /* LaunchScreen.storyboard in Resources */,
				5C0071BD1A91F1E800F4711D /* Base.lproj in Resources */,
				5C0071BE1A91F1E800F4711D /* Images.xcassets in Resources */,
			);
			runOnlyForDeploymentPostprocessing = 0;
		};
		5C8FD0921AD3366800215230 /* Resources */ = {
			isa = PBXResourcesBuildPhase;
			buildActionMask = 2147483647;
			files = (
				5C8FD0BD1AD3393700215230 /* Images.xcassets in Resources */,
			);
			runOnlyForDeploymentPostprocessing = 0;
		};
		5C9FAC362C4441BB00FD7581 /* Resources */ = {
			isa = PBXResourcesBuildPhase;
			buildActionMask = 2147483647;
			files = (
				5C9FAC372C4441BB00FD7581 /* LaunchScreen.storyboard in Resources */,
				5C9FAC4E2C448BCB00FD7581 /* nbody_visionos-Info.plist in Resources */,
				5C9FAC382C4441BB00FD7581 /* Base.lproj in Resources */,
				5C9FAC392C4441BB00FD7581 /* Images.xcassets in Resources */,
			);
			runOnlyForDeploymentPostprocessing = 0;
		};
/* End PBXResourcesBuildPhase section */

/* Begin PBXShellScriptBuildPhase section */
		5C30CAA61AA7058D008986B1 /* Run Script */ = {
			isa = PBXShellScriptBuildPhase;
			buildActionMask = 2147483647;
			files = (
			);
			inputPaths = (
			);
			name = "Run Script";
			outputPaths = (
			);
			runOnlyForDeploymentPostprocessing = 0;
			shellPath = /bin/sh;
			shellScript = "cd src\nocc --src nbody.cpp --fubar minimal --out ../../data/nbody.fubar --no-double -vv --config ../../data/ -- -DNBODY_TILE_SIZE=256 -DNBODY_SOFTENING=0.01f -DNBODY_DAMPING=0.999f\n";
		};
		5C9FAC232C4441BB00FD7581 /* Run Script */ = {
			isa = PBXShellScriptBuildPhase;
			buildActionMask = 2147483647;
			files = (
			);
			inputPaths = (
			);
			name = "Run Script";
			outputPaths = (
			);
			runOnlyForDeploymentPostprocessing = 0;
			shellPath = /bin/sh;
			shellScript = "cd src\nocc --src nbody.cpp --fubar minimal --out ../../data/nbody.fubar --no-double -vv --config ../../data/ -- -DNBODY_TILE_SIZE=256 -DNBODY_SOFTENING=0.01f -DNBODY_DAMPING=0.999f\n";
		};
/* End PBXShellScriptBuildPhase section */

/* Begin PBXSourcesBuildPhase section */
		5C00718D1A91EF7E00F4711D /* Sources */ = {
			isa = PBXSourcesBuildPhase;
			buildActionMask = 2147483647;
			files = (
				5C0071C11A91F2BD00F4711D /* main.cpp in Sources */,
				5C0071C21A91F2BD00F4711D /* nbody.cpp in Sources */,
				5C0134D422B6EC1400BA993D /* unified_renderer.cpp in Sources */,
			);
			runOnlyForDeploymentPostprocessing = 0;
		};
		5C8FD0901AD3366800215230 /* Sources */ = {
			isa = PBXSourcesBuildPhase;
			buildActionMask = 2147483647;
			files = (
				5C8FD0B61AD338A500215230 /* main.cpp in Sources */,
				5C8FD0B41AD3389B00215230 /* nbody.cpp in Sources */,
				5C0134D322B6EC1400BA993D /* unified_renderer.cpp in Sources */,
			);
			runOnlyForDeploymentPostprocessing = 0;
		};
		5C9FAC242C4441BB00FD7581 /* Sources */ = {
			isa = PBXSourcesBuildPhase;
			buildActionMask = 2147483647;
			files = (
				5C9FAC252C4441BB00FD7581 /* main.cpp in Sources */,
				5C9FAC262C4441BB00FD7581 /* nbody.cpp in Sources */,
				5C9FAC272C4441BB00FD7581 /* unified_renderer.cpp in Sources */,
			);
			runOnlyForDeploymentPostprocessing = 0;
		};
/* End PBXSourcesBuildPhase section */

/* Begin PBXVariantGroup section */
		5C131E811E33D32E003A5688 /* LaunchScreen.storyboard */ = {
			isa = PBXVariantGroup;
			children = (
				5C131E821E33D32E003A5688 /* Base */,
			);
			name = LaunchScreen.storyboard;
			sourceTree = "<group>";
		};
/* End PBXVariantGroup section */

/* Begin XCBuildConfiguration section */
		5C0071B11A91EF7E00F4711D /* Debug */ = {
			isa = XCBuildConfiguration;
			buildSettings = {
				ASSETCATALOG_COMPILER_APPICON_NAME = AppIcon;
				ASSETCATALOG_COMPILER_LAUNCHIMAGE_NAME = LaunchImage;
				CLANG_ENABLE_MODULES = NO;
				DEBUG_INFORMATION_FORMAT = dwarf;
				DEVELOPMENT_TEAM = S63YFDZ98S;
				FRAMEWORK_SEARCH_PATHS = "$(LOCAL_LIBRARY_DIR)/Frameworks/SDL3.xcframework/ios-arm64";
				"FRAMEWORK_SEARCH_PATHS[sdk=iphonesimulator*]" = "$(LOCAL_LIBRARY_DIR)/Frameworks/SDL3.xcframework/ios-arm64_x86_64-simulator";
				GCC_PREPROCESSOR_DEFINITIONS = (
					"$(inherited)",
					FLOOR_IOS,
					FLOOR_NO_OPENCL,
					FLOOR_NO_CUDA,
					PLATFORM_X64,
				);
				INFOPLIST_FILE = src/ios/Info.plist;
				INFOPLIST_KEY_LSApplicationCategoryType = "public.app-category.games";
				LD_RUNPATH_SEARCH_PATHS = (
					"@executable_path/Frameworks",
					"/Library/Frameworks/SDL3.xcframework/ios-arm64",
					"/Library/Frameworks/SDL3.xcframework/ios-arm64_x86_64-simulator",
				);
				LIBRARY_SEARCH_PATHS = (
					"$(SDKROOT)/usr/lib",
					/opt/floor/lib,
				);
				ONLY_ACTIVE_ARCH = YES;
				OTHER_LDFLAGS = (
					"$(inherited)",
					"-v",
				);
				"OTHER_LDFLAGS[arch=*]" = (
					"$(inherited)",
					"-lfloord_static",
				);
				PRODUCT_NAME = nbodyd_ios;
				SDKROOT = iphoneos;
				TARGETED_DEVICE_FAMILY = "1,2";
			};
			name = Debug;
		};
		5C0071B21A91EF7E00F4711D /* Release */ = {
			isa = XCBuildConfiguration;
			buildSettings = {
				ASSETCATALOG_COMPILER_APPICON_NAME = AppIcon;
				ASSETCATALOG_COMPILER_LAUNCHIMAGE_NAME = LaunchImage;
				CLANG_ENABLE_MODULES = NO;
				COPY_PHASE_STRIP = NO;
				DEVELOPMENT_TEAM = S63YFDZ98S;
				FRAMEWORK_SEARCH_PATHS = "$(LOCAL_LIBRARY_DIR)/Frameworks/SDL3.xcframework/ios-arm64";
				"FRAMEWORK_SEARCH_PATHS[sdk=iphonesimulator*]" = "$(LOCAL_LIBRARY_DIR)/Frameworks/SDL3.xcframework/ios-arm64_x86_64-simulator";
				GCC_PREPROCESSOR_DEFINITIONS = (
					"$(inherited)",
					FLOOR_IOS,
					FLOOR_NO_OPENCL,
					FLOOR_NO_CUDA,
					PLATFORM_X64,
				);
				INFOPLIST_FILE = src/ios/Info.plist;
				INFOPLIST_KEY_LSApplicationCategoryType = "public.app-category.games";
				LD_RUNPATH_SEARCH_PATHS = (
					"@executable_path/Frameworks",
					"/Library/Frameworks/SDL3.xcframework/ios-arm64",
					"/Library/Frameworks/SDL3.xcframework/ios-arm64_x86_64-simulator",
				);
				LIBRARY_SEARCH_PATHS = (
					"$(SDKROOT)/usr/lib",
					/opt/floor/lib,
				);
				ONLY_ACTIVE_ARCH = YES;
				OTHER_LDFLAGS = (
					"$(inherited)",
					"-v",
				);
				"OTHER_LDFLAGS[arch=*]" = (
					"$(inherited)",
					"-lfloor_static",
				);
				PRODUCT_NAME = nbody_ios;
				SDKROOT = iphoneos;
				TARGETED_DEVICE_FAMILY = "1,2";
				VALIDATE_PRODUCT = YES;
			};
			name = Release;
		};
		5C180F721D80623A00AF91E7 /* Debug */ = {
			isa = XCBuildConfiguration;
			buildSettings = {
				CLANG_ANALYZER_NONNULL = YES;
				CLANG_CXX_LANGUAGE_STANDARD = "gnu++0x";
				CLANG_WARN_DOCUMENTATION_COMMENTS = YES;
				CLANG_WARN_INFINITE_RECURSION = YES;
				CLANG_WARN_SUSPICIOUS_MOVES = YES;
				DEAD_CODE_STRIPPING = YES;
				DEBUGGING_SYMBOLS = YES;
				DEBUG_INFORMATION_FORMAT = dwarf;
				GCC_C_LANGUAGE_STANDARD = gnu99;
				GCC_GENERATE_DEBUGGING_SYMBOLS = YES;
				GCC_OPTIMIZATION_LEVEL = 0;
				OTHER_CFLAGS = "";
				OTHER_LDFLAGS = "";
				PRODUCT_NAME = "$(TARGET_NAME)";
			};
			name = Debug;
		};
		5C180F731D80623A00AF91E7 /* Release */ = {
			isa = XCBuildConfiguration;
			buildSettings = {
				CLANG_ANALYZER_NONNULL = YES;
				CLANG_CXX_LANGUAGE_STANDARD = "gnu++0x";
				CLANG_WARN_DOCUMENTATION_COMMENTS = YES;
				CLANG_WARN_INFINITE_RECURSION = YES;
				CLANG_WARN_SUSPICIOUS_MOVES = YES;
				COPY_PHASE_STRIP = NO;
				DEAD_CODE_STRIPPING = YES;
				DEBUG_INFORMATION_FORMAT = "dwarf-with-dsym";
				GCC_C_LANGUAGE_STANDARD = gnu99;
				OTHER_CFLAGS = "";
				OTHER_LDFLAGS = "";
				PRODUCT_NAME = "$(TARGET_NAME)";
			};
			name = Release;
		};
		5C8FD0AE1AD3366900215230 /* Debug */ = {
			isa = XCBuildConfiguration;
			buildSettings = {
				ASSETCATALOG_COMPILER_APPICON_NAME = AppIcon;
				CLANG_WARN_ASSIGN_ENUM = YES;
				CLANG_WARN_IMPLICIT_SIGN_CONVERSION = YES;
				CLANG_WARN_SUSPICIOUS_IMPLICIT_CONVERSION = YES;
				CLANG_X86_VECTOR_INSTRUCTIONS = default;
				CODE_SIGN_IDENTITY = "Apple Development";
				"CODE_SIGN_IDENTITY[sdk=macosx*]" = "-";
				CODE_SIGN_STYLE = Automatic;
				COMBINE_HIDPI_IMAGES = YES;
				DEAD_CODE_STRIPPING = YES;
				DEBUG_INFORMATION_FORMAT = dwarf;
				DEVELOPMENT_TEAM = S63YFDZ98S;
				FRAMEWORK_SEARCH_PATHS = (
					"$(inherited)",
					/Library/Frameworks,
					"$(LOCAL_LIBRARY_DIR)/Frameworks",
					"$(LOCAL_LIBRARY_DIR)/Frameworks/SDL3.xcframework/macos-arm64_x86_64",
				);
				GCC_PREPROCESSOR_DEFINITIONS = (
					"$(inherited)",
					"FLOOR_DEBUG=1",
					PLATFORM_X64,
				);
				GCC_WARN_ABOUT_MISSING_FIELD_INITIALIZERS = YES;
				GCC_WARN_ABOUT_MISSING_NEWLINE = YES;
				GCC_WARN_ABOUT_MISSING_PROTOTYPES = YES;
				GCC_WARN_FOUR_CHARACTER_CONSTANTS = YES;
				GCC_WARN_HIDDEN_VIRTUAL_FUNCTIONS = YES;
				GCC_WARN_INITIALIZER_NOT_FULLY_BRACKETED = YES;
				GCC_WARN_NON_VIRTUAL_DESTRUCTOR = YES;
				GCC_WARN_SHADOW = YES;
				GCC_WARN_SIGN_COMPARE = YES;
				GCC_WARN_UNKNOWN_PRAGMAS = YES;
				GCC_WARN_UNUSED_LABEL = YES;
				GCC_WARN_UNUSED_PARAMETER = YES;
				INFOPLIST_FILE = src/osx/Info.plist;
				LD_RUNPATH_SEARCH_PATHS = (
					"$(inherited)",
					"/Library/Frameworks/SDL3.xcframework/macos-arm64_x86_64",
				);
				LIBRARY_SEARCH_PATHS = (
					/usr/local/lib,
					/opt/floor/lib,
					/opt/homebrew/lib,
				);
				ONLY_ACTIVE_ARCH = YES;
				OTHER_CFLAGS = (
					"$(inherited)",
					"-fparse-all-comments",
					"-isystem",
					/usr/local/include,
					"-iframework",
					/Library/Frameworks,
				);
				OTHER_LDFLAGS = (
					"$(inherited)",
					"-w",
					"-lfloord",
					"-framework",
					Metal,
					"-framework",
					AppKit,
					"-framework",
					QuartzCore,
					"-framework",
					SDL3,
				);
				PROVISIONING_PROFILE_SPECIFIER = "";
			};
			name = Debug;
		};
		5C8FD0AF1AD3366900215230 /* Release */ = {
			isa = XCBuildConfiguration;
			buildSettings = {
				ASSETCATALOG_COMPILER_APPICON_NAME = AppIcon;
				CLANG_WARN_ASSIGN_ENUM = YES;
				CLANG_WARN_IMPLICIT_SIGN_CONVERSION = YES;
				CLANG_WARN_SUSPICIOUS_IMPLICIT_CONVERSION = YES;
				CLANG_X86_VECTOR_INSTRUCTIONS = default;
				"CLANG_X86_VECTOR_INSTRUCTIONS[arch=arm64]" = default;
				"CLANG_X86_VECTOR_INSTRUCTIONS[arch=arm64e]" = default;
				"CLANG_X86_VECTOR_INSTRUCTIONS[arch=x86_64]" = sse4.1;
				CODE_SIGN_IDENTITY = "-";
				COMBINE_HIDPI_IMAGES = YES;
				DEAD_CODE_STRIPPING = YES;
				FRAMEWORK_SEARCH_PATHS = (
					"$(inherited)",
					/Library/Frameworks,
					"$(LOCAL_LIBRARY_DIR)/Frameworks",
					"$(LOCAL_LIBRARY_DIR)/Frameworks/SDL3.xcframework/macos-arm64_x86_64",
				);
				GCC_PREPROCESSOR_DEFINITIONS = PLATFORM_X64;
				GCC_WARN_ABOUT_MISSING_FIELD_INITIALIZERS = YES;
				GCC_WARN_ABOUT_MISSING_NEWLINE = YES;
				GCC_WARN_ABOUT_MISSING_PROTOTYPES = YES;
				GCC_WARN_FOUR_CHARACTER_CONSTANTS = YES;
				GCC_WARN_HIDDEN_VIRTUAL_FUNCTIONS = YES;
				GCC_WARN_INITIALIZER_NOT_FULLY_BRACKETED = YES;
				GCC_WARN_NON_VIRTUAL_DESTRUCTOR = YES;
				GCC_WARN_SHADOW = YES;
				GCC_WARN_SIGN_COMPARE = YES;
				GCC_WARN_UNKNOWN_PRAGMAS = YES;
				GCC_WARN_UNUSED_LABEL = YES;
				GCC_WARN_UNUSED_PARAMETER = YES;
				INFOPLIST_FILE = src/osx/Info.plist;
				LD_RUNPATH_SEARCH_PATHS = (
					"$(inherited)",
					"/Library/Frameworks/SDL3.xcframework/macos-arm64_x86_64",
				);
				LIBRARY_SEARCH_PATHS = (
					/usr/local/lib,
					/opt/floor/lib,
					/opt/homebrew/lib,
				);
				LLVM_LTO = YES;
				ONLY_ACTIVE_ARCH = YES;
				OTHER_CFLAGS = (
					"$(inherited)",
					"-fparse-all-comments",
					"-isystem",
					/usr/local/include,
					"-iframework",
					/Library/Frameworks,
				);
				OTHER_LDFLAGS = (
					"$(inherited)",
					"-w",
					"-lfloor",
					"-framework",
					Metal,
					"-framework",
					AppKit,
					"-framework",
					QuartzCore,
					"-framework",
					SDL3,
				);
			};
			name = Release;
		};
		5C9FAC3F2C4441BB00FD7581 /* Debug */ = {
			isa = XCBuildConfiguration;
			buildSettings = {
				ASSETCATALOG_COMPILER_APPICON_NAME = AppIcon;
				ASSETCATALOG_COMPILER_LAUNCHIMAGE_NAME = LaunchImage;
				CLANG_ENABLE_MODULES = NO;
				DEBUG_INFORMATION_FORMAT = dwarf;
				DEVELOPMENT_TEAM = S63YFDZ98S;
				FRAMEWORK_SEARCH_PATHS = "$(LOCAL_LIBRARY_DIR)/Frameworks/SDL3.xcframework/visionos-arm64";
				"FRAMEWORK_SEARCH_PATHS[sdk=xrsimulator*]" = "$(LOCAL_LIBRARY_DIR)/Frameworks/SDL3.xcframework/visionos-arm64_x86_64-simulator";
				GCC_PREPROCESSOR_DEFINITIONS = (
					"$(inherited)",
					FLOOR_VISIONOS,
					FLOOR_NO_OPENCL,
					FLOOR_NO_CUDA,
					PLATFORM_X64,
				);
				INFOPLIST_FILE = "src/visionos/nbody_visionos-Info.plist";
				INFOPLIST_KEY_LSApplicationCategoryType = "public.app-category.games";
				LD_RUNPATH_SEARCH_PATHS = (
					"@executable_path/Frameworks",
					"/Library/Frameworks/SDL3.xcframework/visionos-arm64",
					"/Library/Frameworks/SDL3.xcframework/visionos-arm64_x86_64-simulator",
				);
				LIBRARY_SEARCH_PATHS = (
					"$(SDKROOT)/usr/lib",
					/opt/floor/lib,
				);
				ONLY_ACTIVE_ARCH = YES;
				OTHER_LDFLAGS = (
					"$(inherited)",
					"-v",
				);
				"OTHER_LDFLAGS[arch=*]" = (
					"$(inherited)",
					"-lfloord_visionos",
				);
				PRODUCT_NAME = nbodyd_visionos;
				SDKROOT = xros;
				TARGETED_DEVICE_FAMILY = 7;
			};
			name = Debug;
		};
		5C9FAC402C4441BB00FD7581 /* Release */ = {
			isa = XCBuildConfiguration;
			buildSettings = {
				ASSETCATALOG_COMPILER_APPICON_NAME = AppIcon;
				ASSETCATALOG_COMPILER_LAUNCHIMAGE_NAME = LaunchImage;
				CLANG_ENABLE_MODULES = NO;
				COPY_PHASE_STRIP = NO;
				DEVELOPMENT_TEAM = S63YFDZ98S;
				FRAMEWORK_SEARCH_PATHS = "$(LOCAL_LIBRARY_DIR)/Frameworks/SDL3.xcframework/visionos-arm64";
				"FRAMEWORK_SEARCH_PATHS[sdk=xrsimulator*]" = "$(LOCAL_LIBRARY_DIR)/Frameworks/SDL3.xcframework/visionos-arm64_x86_64-simulator";
				GCC_PREPROCESSOR_DEFINITIONS = (
					"$(inherited)",
					FLOOR_VISIONOS,
					FLOOR_NO_OPENCL,
					FLOOR_NO_CUDA,
					PLATFORM_X64,
				);
				INFOPLIST_FILE = "src/visionos/nbody_visionos-Info.plist";
				INFOPLIST_KEY_LSApplicationCategoryType = "public.app-category.games";
				LD_RUNPATH_SEARCH_PATHS = (
					"@executable_path/Frameworks",
					"/Library/Frameworks/SDL3.xcframework/visionos-arm64",
					"/Library/Frameworks/SDL3.xcframework/visionos-arm64_x86_64-simulator",
				);
				LIBRARY_SEARCH_PATHS = (
					"$(SDKROOT)/usr/lib",
					/opt/floor/lib,
				);
				ONLY_ACTIVE_ARCH = YES;
				OTHER_LDFLAGS = (
					"$(inherited)",
					"-v",
				);
				"OTHER_LDFLAGS[arch=*]" = (
					"$(inherited)",
					"-lfloor_visionos",
				);
				PRODUCT_NAME = nbody_visionos;
				SDKROOT = xros;
				TARGETED_DEVICE_FAMILY = 7;
				VALIDATE_PRODUCT = YES;
			};
			name = Release;
		};
		5CD2174A19E924A20049D6AE /* Debug */ = {
			isa = XCBuildConfiguration;
			buildSettings = {
				ALWAYS_SEARCH_USER_PATHS = NO;
				CLANG_ANALYZER_LOCALIZABILITY_NONLOCALIZED = YES;
				CLANG_CXX_LANGUAGE_STANDARD = "gnu++23";
				CLANG_ENABLE_MODULES = YES;
				CLANG_ENABLE_OBJC_ARC = YES;
				CLANG_ENABLE_OBJC_ARC_EXCEPTIONS = YES;
				CLANG_WARN_BLOCK_CAPTURE_AUTORELEASING = YES;
				CLANG_WARN_BOOL_CONVERSION = YES;
				CLANG_WARN_COMMA = YES;
				CLANG_WARN_CONSTANT_CONVERSION = YES;
				CLANG_WARN_DEPRECATED_OBJC_IMPLEMENTATIONS = YES;
				CLANG_WARN_DIRECT_OBJC_ISA_USAGE = YES_ERROR;
				CLANG_WARN_EMPTY_BODY = YES;
				CLANG_WARN_ENUM_CONVERSION = YES;
				CLANG_WARN_INFINITE_RECURSION = YES;
				CLANG_WARN_INT_CONVERSION = YES;
				CLANG_WARN_NON_LITERAL_NULL_CONVERSION = YES;
				CLANG_WARN_OBJC_IMPLICIT_RETAIN_SELF = YES;
				CLANG_WARN_OBJC_LITERAL_CONVERSION = YES;
				CLANG_WARN_OBJC_ROOT_CLASS = YES_ERROR;
				CLANG_WARN_QUOTED_INCLUDE_IN_FRAMEWORK_HEADER = YES;
				CLANG_WARN_RANGE_LOOP_ANALYSIS = YES;
				CLANG_WARN_STRICT_PROTOTYPES = YES;
				CLANG_WARN_SUSPICIOUS_MOVE = YES;
				CLANG_WARN_UNREACHABLE_CODE = YES;
				CLANG_WARN__DUPLICATE_METHOD_MATCH = YES;
				CONFIGURATION_BUILD_DIR = "${SRCROOT}/bin";
				COPY_PHASE_STRIP = NO;
				DEAD_CODE_STRIPPING = YES;
				ENABLE_STRICT_OBJC_MSGSEND = YES;
				ENABLE_TESTABILITY = YES;
				GCC_C_LANGUAGE_STANDARD = gnu17;
				GCC_DYNAMIC_NO_PIC = NO;
				GCC_ENABLE_OBJC_EXCEPTIONS = NO;
				GCC_FAST_MATH = YES;
				GCC_NO_COMMON_BLOCKS = YES;
				GCC_OPTIMIZATION_LEVEL = 0;
				GCC_PREPROCESSOR_DEFINITIONS = (
					"DEBUG=1",
					"$(inherited)",
				);
				GCC_SYMBOLS_PRIVATE_EXTERN = NO;
				GCC_UNROLL_LOOPS = YES;
				GCC_WARN_64_TO_32_BIT_CONVERSION = YES;
				GCC_WARN_ABOUT_RETURN_TYPE = YES_ERROR;
				GCC_WARN_UNDECLARED_SELECTOR = YES;
				GCC_WARN_UNINITIALIZED_AUTOS = YES_AGGRESSIVE;
				GCC_WARN_UNUSED_FUNCTION = YES;
				GCC_WARN_UNUSED_VARIABLE = YES;
				HEADER_SEARCH_PATHS = (
					"$(inherited)",
					/opt/floor/include,
				);
				IPHONEOS_DEPLOYMENT_TARGET = 16.0;
				LD_RUNPATH_SEARCH_PATHS = (
					"@loader_path/../Resources",
					"@loader_path/../Frameworks",
					"@executable_path/../Frameworks",
					/Library/Frameworks,
					/usr/local/lib,
					/usr/lib,
					/opt/floor/lib,
				);
				MACOSX_DEPLOYMENT_TARGET = 13.0;
				ONLY_ACTIVE_ARCH = YES;
				OTHER_CPLUSPLUSFLAGS = (
					"$(OTHER_CFLAGS)",
					"-fno-elide-type",
					"-fdiagnostics-show-template-tree",
				);
				PRODUCT_BUNDLE_IDENTIFIER = "org.libfloor.$(PRODUCT_NAME:rfc1034identifier)";
				PRODUCT_NAME = nbodyd;
				SDKROOT = macosx;
				SYMROOT = "${SRCROOT}/bin";
				WARNING_CFLAGS = (
					"-Weverything",
					"-Wthread-safety",
					"-Wthread-safety-negative",
					"-Wthread-safety-beta",
					"-Wthread-safety-verbose",
					"-Wno-c++98-compat",
					"-Wno-c++98-compat-pedantic",
					"-Wno-c++11-compat",
					"-Wno-c++11-compat-pedantic",
					"-Wno-c++14-compat",
					"-Wno-c++14-compat-pedantic",
					"-Wno-c++17-compat",
					"-Wno-c++17-compat-pedantic",
					"-Wno-c++17-extensions",
					"-Wno-c++20-compat",
					"-Wno-c++20-compat-pedantic",
					"-Wno-c++20-extensions",
					"-Wno-c++23-compat",
					"-Wno-c++23-compat-pedantic",
					"-Wno-c++23-extensions",
					"-Wno-gcc-compat",
					"-Wno-gnu",
					"-Wno-c99-extensions",
					"-Wno-c11-extensions",
					"-Wno-c17-extensions",
					"-Wno-c23-extensions",
					"-Wno-nullability-extension",
					"-Wno-header-hygiene",
					"-Wno-documentation",
					"-Wno-system-headers",
					"-Wno-global-constructors",
					"-Wno-padded",
					"-Wno-packed",
					"-Wno-switch-enum",
					"-Wno-switch-default",
					"-Wno-exit-time-destructors",
					"-Wno-unknown-warning-option",
					"-Wno-nested-anon-types",
					"-Wno-old-style-cast",
					"-Wno-date-time",
					"-Wno-reserved-id-macro",
					"-Wno-documentation-unknown-command",
					"-Wno-partial-availability",
					"-Wno-return-std-move-in-c++11",
					"-Wno-c11-extensions",
					"-Wno-poison-system-directories",
					"-Wno-nan-infinity-disabled",
					"-Wno-unsafe-buffer-usage-in-container",
					"-Wno-missing-include-dirs",
					"-Wno-missing-designated-field-initializers",
				);
			};
			name = Debug;
		};
		5CD2174B19E924A20049D6AE /* Release */ = {
			isa = XCBuildConfiguration;
			buildSettings = {
				ALWAYS_SEARCH_USER_PATHS = NO;
				CLANG_ANALYZER_LOCALIZABILITY_NONLOCALIZED = YES;
				CLANG_CXX_LANGUAGE_STANDARD = "gnu++23";
				CLANG_ENABLE_MODULES = YES;
				CLANG_ENABLE_OBJC_ARC = YES;
				CLANG_ENABLE_OBJC_ARC_EXCEPTIONS = YES;
				CLANG_WARN_BLOCK_CAPTURE_AUTORELEASING = YES;
				CLANG_WARN_BOOL_CONVERSION = YES;
				CLANG_WARN_COMMA = YES;
				CLANG_WARN_CONSTANT_CONVERSION = YES;
				CLANG_WARN_DEPRECATED_OBJC_IMPLEMENTATIONS = YES;
				CLANG_WARN_DIRECT_OBJC_ISA_USAGE = YES_ERROR;
				CLANG_WARN_EMPTY_BODY = YES;
				CLANG_WARN_ENUM_CONVERSION = YES;
				CLANG_WARN_INFINITE_RECURSION = YES;
				CLANG_WARN_INT_CONVERSION = YES;
				CLANG_WARN_NON_LITERAL_NULL_CONVERSION = YES;
				CLANG_WARN_OBJC_IMPLICIT_RETAIN_SELF = YES;
				CLANG_WARN_OBJC_LITERAL_CONVERSION = YES;
				CLANG_WARN_OBJC_ROOT_CLASS = YES_ERROR;
				CLANG_WARN_QUOTED_INCLUDE_IN_FRAMEWORK_HEADER = YES;
				CLANG_WARN_RANGE_LOOP_ANALYSIS = YES;
				CLANG_WARN_STRICT_PROTOTYPES = YES;
				CLANG_WARN_SUSPICIOUS_MOVE = YES;
				CLANG_WARN_UNREACHABLE_CODE = YES;
				CLANG_WARN__DUPLICATE_METHOD_MATCH = YES;
				CONFIGURATION_BUILD_DIR = "${SRCROOT}/bin";
				COPY_PHASE_STRIP = YES;
				DEAD_CODE_STRIPPING = YES;
				DEBUG_INFORMATION_FORMAT = "dwarf-with-dsym";
				ENABLE_NS_ASSERTIONS = NO;
				ENABLE_STRICT_OBJC_MSGSEND = YES;
				GCC_C_LANGUAGE_STANDARD = gnu17;
				GCC_ENABLE_OBJC_EXCEPTIONS = NO;
				GCC_FAST_MATH = YES;
				GCC_NO_COMMON_BLOCKS = YES;
				GCC_OPTIMIZATION_LEVEL = 3;
				GCC_UNROLL_LOOPS = YES;
				GCC_WARN_64_TO_32_BIT_CONVERSION = YES;
				GCC_WARN_ABOUT_RETURN_TYPE = YES_ERROR;
				GCC_WARN_UNDECLARED_SELECTOR = YES;
				GCC_WARN_UNINITIALIZED_AUTOS = YES_AGGRESSIVE;
				GCC_WARN_UNUSED_FUNCTION = YES;
				GCC_WARN_UNUSED_VARIABLE = YES;
				HEADER_SEARCH_PATHS = (
					"$(inherited)",
					/opt/floor/include,
				);
				IPHONEOS_DEPLOYMENT_TARGET = 16.0;
				LD_RUNPATH_SEARCH_PATHS = (
					"@loader_path/../Resources",
					"@loader_path/../Frameworks",
					"@executable_path/../Frameworks",
					/Library/Frameworks,
					/usr/local/lib,
					/usr/lib,
					/opt/floor/lib,
				);
				MACOSX_DEPLOYMENT_TARGET = 13.0;
				OTHER_CPLUSPLUSFLAGS = (
					"$(OTHER_CFLAGS)",
					"-fno-elide-type",
					"-fdiagnostics-show-template-tree",
				);
				PRODUCT_BUNDLE_IDENTIFIER = "org.libfloor.$(PRODUCT_NAME:rfc1034identifier)";
				PRODUCT_NAME = nbody;
				SDKROOT = macosx;
				SYMROOT = "${SRCROOT}/bin";
				WARNING_CFLAGS = (
					"-Weverything",
					"-Wthread-safety",
					"-Wthread-safety-negative",
					"-Wthread-safety-beta",
					"-Wthread-safety-verbose",
					"-Wno-c++98-compat",
					"-Wno-c++98-compat-pedantic",
					"-Wno-c++11-compat",
					"-Wno-c++11-compat-pedantic",
					"-Wno-c++14-compat",
					"-Wno-c++14-compat-pedantic",
					"-Wno-c++17-compat",
					"-Wno-c++17-compat-pedantic",
					"-Wno-c++17-extensions",
					"-Wno-c++20-compat",
					"-Wno-c++20-compat-pedantic",
					"-Wno-c++20-extensions",
					"-Wno-c++23-compat",
					"-Wno-c++23-compat-pedantic",
					"-Wno-c++23-extensions",
					"-Wno-gcc-compat",
					"-Wno-gnu",
					"-Wno-c99-extensions",
					"-Wno-c11-extensions",
					"-Wno-c17-extensions",
					"-Wno-c23-extensions",
					"-Wno-nullability-extension",
					"-Wno-header-hygiene",
					"-Wno-documentation",
					"-Wno-system-headers",
					"-Wno-global-constructors",
					"-Wno-padded",
					"-Wno-packed",
					"-Wno-switch-enum",
					"-Wno-switch-default",
					"-Wno-exit-time-destructors",
					"-Wno-unknown-warning-option",
					"-Wno-nested-anon-types",
					"-Wno-old-style-cast",
					"-Wno-date-time",
					"-Wno-reserved-id-macro",
					"-Wno-documentation-unknown-command",
					"-Wno-partial-availability",
					"-Wno-return-std-move-in-c++11",
					"-Wno-c11-extensions",
					"-Wno-poison-system-directories",
					"-Wno-nan-infinity-disabled",
					"-Wno-unsafe-buffer-usage-in-container",
					"-Wno-missing-include-dirs",
					"-Wno-missing-designated-field-initializers",
				);
			};
			name = Release;
		};
/* End XCBuildConfiguration section */

/* Begin XCConfigurationList section */
		5C0071B51A91EF7E00F4711D /* Build configuration list for PBXNativeTarget "nbody_ios" */ = {
			isa = XCConfigurationList;
			buildConfigurations = (
				5C0071B11A91EF7E00F4711D /* Debug */,
				5C0071B21A91EF7E00F4711D /* Release */,
			);
			defaultConfigurationIsVisible = 0;
			defaultConfigurationName = Release;
		};
		5C180F741D80623A00AF91E7 /* Build configuration list for PBXLegacyTarget "nbody_remote" */ = {
			isa = XCConfigurationList;
			buildConfigurations = (
				5C180F721D80623A00AF91E7 /* Debug */,
				5C180F731D80623A00AF91E7 /* Release */,
			);
			defaultConfigurationIsVisible = 0;
			defaultConfigurationName = Release;
		};
		5C8FD0B21AD3366900215230 /* Build configuration list for PBXNativeTarget "nbody_macos" */ = {
			isa = XCConfigurationList;
			buildConfigurations = (
				5C8FD0AE1AD3366900215230 /* Debug */,
				5C8FD0AF1AD3366900215230 /* Release */,
			);
			defaultConfigurationIsVisible = 0;
			defaultConfigurationName = Release;
		};
		5C9FAC3E2C4441BB00FD7581 /* Build configuration list for PBXNativeTarget "nbody_visionos" */ = {
			isa = XCConfigurationList;
			buildConfigurations = (
				5C9FAC3F2C4441BB00FD7581 /* Debug */,
				5C9FAC402C4441BB00FD7581 /* Release */,
			);
			defaultConfigurationIsVisible = 0;
			defaultConfigurationName = Release;
		};
		5CD2174819E924A20049D6AE /* Build configuration list for PBXProject "nbody" */ = {
			isa = XCConfigurationList;
			buildConfigurations = (
				5CD2174A19E924A20049D6AE /* Debug */,
				5CD2174B19E924A20049D6AE /* Release */,
			);
			defaultConfigurationIsVisible = 0;
			defaultConfigurationName = Release;
		};
/* End XCConfigurationList section */
	};
	rootObject = 5CD2174519E924A20049D6AE /* Project object */;
}
